
Microsoft Visual Studio Solution File, Format Version 12.00
# Visual Studio Version 17
VisualStudioVersion = 17.10.35013.160
MinimumVisualStudioVersion = 10.0.40219.1
Project("{8BC9CEB8-8B4A-11D0-8D11-00A0C91BC942}") = "Stability", "Stability.vcxproj", "{7EF8C26A-5267-4E98-81FE-D783BF44CCCA}"
	ProjectSection(ProjectDependencies) = postProject
		{4DB73414-BF80-40D2-91AE-A91FE657A018} = {4DB73414-BF80-40D2-91AE-A91FE657A018}
	EndProjectSection
EndProject
Project("{8BC9CEB8-8B4A-11D0-8D11-00A0C91BC942}") = "Math", "..\Math\Math.vcxproj", "{4DB73414-BF80-40D2-91AE-A91FE657A018}"
EndProject
Global
	GlobalSection(SolutionConfigurationPlatforms) = preSolution
		Debug|x64 = Debug|x64
		Debug|x86 = Debug|x86
		Release|x64 = Release|x64
		Release|x86 = Release|x86
	EndGlobalSection
	GlobalSection(ProjectConfigurationPlatforms) = postSolution
		{7EF8C26A-5267-4E98-81FE-D783BF44CCCA}.Debug|x64.ActiveCfg = Debug|x64
		{7EF8C26A-5267-4E98-81FE-D783BF44CCCA}.Debug|x64.Build.0 = Debug|x64
		{7EF8C26A-5267-4E98-81FE-D783BF44CCCA}.Debug|x86.ActiveCfg = Debug|Win32
		{7EF8C26A-5267-4E98-81FE-D783BF44CCCA}.Debug|x86.Build.0 = Debug|Win32
		{7EF8C26A-5267-4E98-81FE-D783BF44CCCA}.Release|x64.ActiveCfg = Release|x64
		{7EF8C26A-5267-4E98-81FE-D783BF44CCCA}.Release|x64.Build.0 = Release|x64
		{7EF8C26A-5267-4E98-81FE-D783BF44CCCA}.Release|x86.ActiveCfg = Release|Win32
		{7EF8C26A-5267-4E98-81FE-D783BF44CCCA}.Release|x86.Build.0 = Release|Win32
		{4DB73414-BF80-40D2-91AE-A91FE657A018}.Debug|x64.ActiveCfg = Debug|x64
		{4DB73414-BF80-40D2-91AE-A91FE657A018}.Debug|x64.Build.0 = Debug|x64
		{4DB73414-BF80-40D2-91AE-A91FE657A018}.Debug|x86.ActiveCfg = Debug|x64
		{4DB73414-BF80-40D2-91AE-A91FE657A018}.Debug|x86.Build.0 = Debug|x64
		{4DB73414-BF80-40D2-91AE-A91FE657A018}.Release|x64.ActiveCfg = Release|x64
		{4DB73414-BF80-40D2-91AE-A91FE657A018}.Release|x64.Build.0 = Release|x64
		{4DB73414-BF80-40D2-91AE-A91FE657A018}.Release|x86.ActiveCfg = Release|x64
		{4DB73414-BF80-40D2-91AE-A91FE657A018}.Release|x86.Build.0 = Release|x64
	EndGlobalSection
	GlobalSection(SolutionProperties) = preSolution
		HideSolutionNode = FALSE
	EndGlobalSection
	GlobalSection(ExtensibilityGlobals) = postSolution
		SolutionGuid = {EEFF8180-D666-4F9A-9E8A-5465D0C2397D}
	EndGlobalSection
EndGlobal
